{
  "name": "Licenta",
  "lockfileVersion": 3,
  "requires": true,
  "packages": {
    "": {
      "dependencies": {
        "grpc-web": "^1.5.0"
      }
    },
    "node_modules/grpc-web": {
      "version": "1.5.0",
      "resolved": "https://registry.npmjs.org/grpc-web/-/grpc-web-1.5.0.tgz",
      "integrity": "sha512-y1tS3BBIoiVSzKTDF3Hm7E8hV2n7YY7pO0Uo7depfWJqKzWE+SKr0jvHNIJsJJYILQlpYShpi/DRJJMbosgDMQ=="
    }
  }
}
